
Microsoft Visual Studio Solution File, Format Version 12.00
# Visual Studio 15
VisualStudioVersion = 15.0.27703.2026
MinimumVisualStudioVersion = 10.0.40219.1
Project("{FAE04EC0-301F-11D3-BF4B-00C04F79EFBC}") = "D3Tree", "D3Tree\D3Tree.csproj", "{4541F5F6-1DC4-495C-9B7F-A7DB140A7A6D}"
EndProject
Global
	GlobalSection(SolutionConfigurationPlatforms) = preSolution
		Debug|Any CPU = Debug|Any CPU
		Release|Any CPU = Release|Any CPU
	EndGlobalSection
	GlobalSection(ProjectConfigurationPlatforms) = postSolution
		{4541F5F6-1DC4-495C-9B7F-A7DB140A7A6D}.Debug|Any CPU.ActiveCfg = Debug|Any CPU
		{4541F5F6-1DC4-495C-9B7F-A7DB140A7A6D}.Debug|Any CPU.Build.0 = Debug|Any CPU
		{4541F5F6-1DC4-495C-9B7F-A7DB140A7A6D}.Release|Any CPU.ActiveCfg = Release|Any CPU
		{4541F5F6-1DC4-495C-9B7F-A7DB140A7A6D}.Release|Any CPU.Build.0 = Release|Any CPU
	EndGlobalSection
	GlobalSection(SolutionProperties) = preSolution
		HideSolutionNode = FALSE
	EndGlobalSection
	GlobalSection(ExtensibilityGlobals) = postSolution
		SolutionGuid = {9CE2D559-1165-4078-95DA-E59F0C440057}
	EndGlobalSection
EndGlobal
